
Microsoft Visual Studio Solution File, Format Version 12.00
# Visual Studio Version 16
VisualStudioVersion = 16.0.29728.190
MinimumVisualStudioVersion = 10.0.40219.1
Project("{FAE04EC0-301F-11D3-BF4B-00C04F79EFBC}") = "Task1_v5", "ComputerGraphics\Task1_v5.csproj", "{114E0B2A-E830-4BAB-BCC4-69C15E4C119C}"
EndProject
Project("{FAE04EC0-301F-11D3-BF4B-00C04F79EFBC}") = "Task2_v3", "Task2_v3\Task2_v3.csproj", "{8042C6B8-C804-463E-B17E-6BD3E722CAEE}"
EndProject
Project("{FAE04EC0-301F-11D3-BF4B-00C04F79EFBC}") = "Task4_v2", "Task4_v2\Task4_v2.csproj", "{CCD666D1-8437-413E-8F30-F06F2E2894BA}"
EndProject
Project("{FAE04EC0-301F-11D3-BF4B-00C04F79EFBC}") = "Task5_v2", "Task5_v2\Task5_v2.csproj", "{BEAEE3DF-AD82-4362-82A8-BC88DAED1C22}"
EndProject
Project("{FAE04EC0-301F-11D3-BF4B-00C04F79EFBC}") = "Task3_v1", "Task3_v1\Task3_v1.csproj", "{52B69F2D-8E6A-45F2-B0DF-CBDFCD54FB1E}"
EndProject
Project("{FAE04EC0-301F-11D3-BF4B-00C04F79EFBC}") = "Task6_v2", "Task6_v2\Task6_v2.csproj", "{9CCDCAC3-2168-4BA4-A0A2-4B2B1A2F6A21}"
EndProject
Global
	GlobalSection(SolutionConfigurationPlatforms) = preSolution
		Debug|Any CPU = Debug|Any CPU
		Release|Any CPU = Release|Any CPU
	EndGlobalSection
	GlobalSection(ProjectConfigurationPlatforms) = postSolution
		{114E0B2A-E830-4BAB-BCC4-69C15E4C119C}.Debug|Any CPU.ActiveCfg = Debug|Any CPU
		{114E0B2A-E830-4BAB-BCC4-69C15E4C119C}.Debug|Any CPU.Build.0 = Debug|Any CPU
		{114E0B2A-E830-4BAB-BCC4-69C15E4C119C}.Release|Any CPU.ActiveCfg = Release|Any CPU
		{114E0B2A-E830-4BAB-BCC4-69C15E4C119C}.Release|Any CPU.Build.0 = Release|Any CPU
		{8042C6B8-C804-463E-B17E-6BD3E722CAEE}.Debug|Any CPU.ActiveCfg = Debug|Any CPU
		{8042C6B8-C804-463E-B17E-6BD3E722CAEE}.Debug|Any CPU.Build.0 = Debug|Any CPU
		{8042C6B8-C804-463E-B17E-6BD3E722CAEE}.Release|Any CPU.ActiveCfg = Release|Any CPU
		{8042C6B8-C804-463E-B17E-6BD3E722CAEE}.Release|Any CPU.Build.0 = Release|Any CPU
		{CCD666D1-8437-413E-8F30-F06F2E2894BA}.Debug|Any CPU.ActiveCfg = Debug|Any CPU
		{CCD666D1-8437-413E-8F30-F06F2E2894BA}.Debug|Any CPU.Build.0 = Debug|Any CPU
		{CCD666D1-8437-413E-8F30-F06F2E2894BA}.Release|Any CPU.ActiveCfg = Release|Any CPU
		{CCD666D1-8437-413E-8F30-F06F2E2894BA}.Release|Any CPU.Build.0 = Release|Any CPU
		{BEAEE3DF-AD82-4362-82A8-BC88DAED1C22}.Debug|Any CPU.ActiveCfg = Debug|Any CPU
		{BEAEE3DF-AD82-4362-82A8-BC88DAED1C22}.Debug|Any CPU.Build.0 = Debug|Any CPU
		{BEAEE3DF-AD82-4362-82A8-BC88DAED1C22}.Release|Any CPU.ActiveCfg = Release|Any CPU
		{BEAEE3DF-AD82-4362-82A8-BC88DAED1C22}.Release|Any CPU.Build.0 = Release|Any CPU
		{52B69F2D-8E6A-45F2-B0DF-CBDFCD54FB1E}.Debug|Any CPU.ActiveCfg = Debug|Any CPU
		{52B69F2D-8E6A-45F2-B0DF-CBDFCD54FB1E}.Debug|Any CPU.Build.0 = Debug|Any CPU
		{52B69F2D-8E6A-45F2-B0DF-CBDFCD54FB1E}.Release|Any CPU.ActiveCfg = Release|Any CPU
		{52B69F2D-8E6A-45F2-B0DF-CBDFCD54FB1E}.Release|Any CPU.Build.0 = Release|Any CPU
		{9CCDCAC3-2168-4BA4-A0A2-4B2B1A2F6A21}.Debug|Any CPU.ActiveCfg = Debug|Any CPU
		{9CCDCAC3-2168-4BA4-A0A2-4B2B1A2F6A21}.Debug|Any CPU.Build.0 = Debug|Any CPU
		{9CCDCAC3-2168-4BA4-A0A2-4B2B1A2F6A21}.Release|Any CPU.ActiveCfg = Release|Any CPU
		{9CCDCAC3-2168-4BA4-A0A2-4B2B1A2F6A21}.Release|Any CPU.Build.0 = Release|Any CPU
	EndGlobalSection
	GlobalSection(SolutionProperties) = preSolution
		HideSolutionNode = FALSE
	EndGlobalSection
	GlobalSection(ExtensibilityGlobals) = postSolution
		SolutionGuid = {99B0B855-AFF1-4016-A2AC-C4961C51739C}
	EndGlobalSection
EndGlobal
